
Microsoft Visual Studio Solution File, Format Version 12.00
# Visual Studio 15
VisualStudioVersion = 15.0.28307.421
MinimumVisualStudioVersion = 10.0.40219.1
Project("{FAE04EC0-301F-11D3-BF4B-00C04F79EFBC}") = "MVCTarea", "MVCTarea\MVCTarea.csproj", "{B0ED5488-61FC-4152-A108-76089124BBC9}"
EndProject
Project("{FAE04EC0-301F-11D3-BF4B-00C04F79EFBC}") = "APItarea", "APItarea\APItarea.csproj", "{9351AC36-1DD8-4C26-96D6-4B24331F70FD}"
EndProject
Global
	GlobalSection(SolutionConfigurationPlatforms) = preSolution
		Debug|Any CPU = Debug|Any CPU
		Release|Any CPU = Release|Any CPU
	EndGlobalSection
	GlobalSection(ProjectConfigurationPlatforms) = postSolution
		{B0ED5488-61FC-4152-A108-76089124BBC9}.Debug|Any CPU.ActiveCfg = Debug|Any CPU
		{B0ED5488-61FC-4152-A108-76089124BBC9}.Debug|Any CPU.Build.0 = Debug|Any CPU
		{B0ED5488-61FC-4152-A108-76089124BBC9}.Release|Any CPU.ActiveCfg = Release|Any CPU
		{B0ED5488-61FC-4152-A108-76089124BBC9}.Release|Any CPU.Build.0 = Release|Any CPU
		{9351AC36-1DD8-4C26-96D6-4B24331F70FD}.Debug|Any CPU.ActiveCfg = Debug|Any CPU
		{9351AC36-1DD8-4C26-96D6-4B24331F70FD}.Debug|Any CPU.Build.0 = Debug|Any CPU
		{9351AC36-1DD8-4C26-96D6-4B24331F70FD}.Release|Any CPU.ActiveCfg = Release|Any CPU
		{9351AC36-1DD8-4C26-96D6-4B24331F70FD}.Release|Any CPU.Build.0 = Release|Any CPU
	EndGlobalSection
	GlobalSection(SolutionProperties) = preSolution
		HideSolutionNode = FALSE
	EndGlobalSection
	GlobalSection(ExtensibilityGlobals) = postSolution
		SolutionGuid = {4C8DBFAD-9FF5-410D-90EE-364034BBBB04}
	EndGlobalSection
EndGlobal
